
Microsoft Visual Studio Solution File, Format Version 12.00
# Visual Studio 14
VisualStudioVersion = 14.0.25123.0
MinimumVisualStudioVersion = 10.0.40219.1
Project("{FAE04EC0-301F-11D3-BF4B-00C04F79EFBC}") = "DS.Kids.Apps.iOS", "iOS\DS.Kids.Apps.iOS.csproj", "{8E4EC8EC-197E-428B-B8D4-605A47A3EFCD}"
EndProject
Project("{FAE04EC0-301F-11D3-BF4B-00C04F79EFBC}") = "DS.Kids.Model", "..\DS.Kids.Model\DS.Kids.Model.csproj", "{0AC4D40F-7031-4D10-9F69-5FCF2ED547A5}"
EndProject
Project("{FAE04EC0-301F-11D3-BF4B-00C04F79EFBC}") = "DS.Kids.Model.Communication", "..\DS.Kids.Model.Communication\DS.Kids.Model.Communication.csproj", "{642AAFEE-5724-49E5-9CA4-63EB57FC6D06}"
EndProject
Project("{2150E333-8FDC-42A3-9474-1A3956D46DE8}") = ".nuget", ".nuget", "{CA072603-82A7-4648-BE9B-C7C74E5C2D4B}"
	ProjectSection(SolutionItems) = preProject
		.nuget\NuGet.Config = .nuget\NuGet.Config
		.nuget\NuGet.exe = .nuget\NuGet.exe
		.nuget\NuGet.targets = .nuget\NuGet.targets
	EndProjectSection
EndProject
Project("{FAE04EC0-301F-11D3-BF4B-00C04F79EFBC}") = "DS.Kids.Apps.Core", "DS.Kids.Apps.Core\DS.Kids.Apps.Core.csproj", "{496E506E-F56F-4016-9163-DC832766B4E9}"
EndProject
Project("{FAE04EC0-301F-11D3-BF4B-00C04F79EFBC}") = "DS.Kids.Apps.Droid", "Droid\DS.Kids.Apps.Droid.csproj", "{6546738A-42C0-407C-A8A8-196121312D51}"
EndProject
Global
	GlobalSection(SolutionConfigurationPlatforms) = preSolution
		Ad-Hoc|Any CPU = Ad-Hoc|Any CPU
		Ad-Hoc|iPhone = Ad-Hoc|iPhone
		Ad-Hoc|iPhoneSimulator = Ad-Hoc|iPhoneSimulator
		Ad-Hoc|Mixed Platforms = Ad-Hoc|Mixed Platforms
		AppStore|Any CPU = AppStore|Any CPU
		AppStore|iPhone = AppStore|iPhone
		AppStore|iPhoneSimulator = AppStore|iPhoneSimulator
		AppStore|Mixed Platforms = AppStore|Mixed Platforms
		Debug|Any CPU = Debug|Any CPU
		Debug|iPhone = Debug|iPhone
		Debug|iPhoneSimulator = Debug|iPhoneSimulator
		Debug|Mixed Platforms = Debug|Mixed Platforms
		Release|Any CPU = Release|Any CPU
		Release|iPhone = Release|iPhone
		Release|iPhoneSimulator = Release|iPhoneSimulator
		Release|Mixed Platforms = Release|Mixed Platforms
	EndGlobalSection
	GlobalSection(ProjectConfigurationPlatforms) = postSolution
		{8E4EC8EC-197E-428B-B8D4-605A47A3EFCD}.Ad-Hoc|Any CPU.ActiveCfg = Ad-Hoc|iPhoneSimulator
		{8E4EC8EC-197E-428B-B8D4-605A47A3EFCD}.Ad-Hoc|iPhone.ActiveCfg = Ad-Hoc|iPhone
		{8E4EC8EC-197E-428B-B8D4-605A47A3EFCD}.Ad-Hoc|iPhone.Build.0 = Ad-Hoc|iPhone
		{8E4EC8EC-197E-428B-B8D4-605A47A3EFCD}.Ad-Hoc|iPhoneSimulator.ActiveCfg = Ad-Hoc|iPhoneSimulator
		{8E4EC8EC-197E-428B-B8D4-605A47A3EFCD}.Ad-Hoc|iPhoneSimulator.Build.0 = Ad-Hoc|iPhoneSimulator
		{8E4EC8EC-197E-428B-B8D4-605A47A3EFCD}.Ad-Hoc|Mixed Platforms.ActiveCfg = Ad-Hoc|iPhone
		{8E4EC8EC-197E-428B-B8D4-605A47A3EFCD}.Ad-Hoc|Mixed Platforms.Build.0 = Ad-Hoc|iPhone
		{8E4EC8EC-197E-428B-B8D4-605A47A3EFCD}.AppStore|Any CPU.ActiveCfg = AppStore|iPhoneSimulator
		{8E4EC8EC-197E-428B-B8D4-605A47A3EFCD}.AppStore|iPhone.ActiveCfg = AppStore|iPhone
		{8E4EC8EC-197E-428B-B8D4-605A47A3EFCD}.AppStore|iPhone.Build.0 = AppStore|iPhone
		{8E4EC8EC-197E-428B-B8D4-605A47A3EFCD}.AppStore|iPhoneSimulator.ActiveCfg = AppStore|iPhoneSimulator
		{8E4EC8EC-197E-428B-B8D4-605A47A3EFCD}.AppStore|iPhoneSimulator.Build.0 = AppStore|iPhoneSimulator
		{8E4EC8EC-197E-428B-B8D4-605A47A3EFCD}.AppStore|Mixed Platforms.ActiveCfg = AppStore|iPhone
		{8E4EC8EC-197E-428B-B8D4-605A47A3EFCD}.AppStore|Mixed Platforms.Build.0 = AppStore|iPhone
		{8E4EC8EC-197E-428B-B8D4-605A47A3EFCD}.Debug|Any CPU.ActiveCfg = Debug|iPhoneSimulator
		{8E4EC8EC-197E-428B-B8D4-605A47A3EFCD}.Debug|iPhone.ActiveCfg = Debug|iPhone
		{8E4EC8EC-197E-428B-B8D4-605A47A3EFCD}.Debug|iPhone.Build.0 = Debug|iPhone
		{8E4EC8EC-197E-428B-B8D4-605A47A3EFCD}.Debug|iPhoneSimulator.ActiveCfg = Debug|iPhoneSimulator
		{8E4EC8EC-197E-428B-B8D4-605A47A3EFCD}.Debug|iPhoneSimulator.Build.0 = Debug|iPhoneSimulator
		{8E4EC8EC-197E-428B-B8D4-605A47A3EFCD}.Debug|Mixed Platforms.ActiveCfg = Debug|iPhone
		{8E4EC8EC-197E-428B-B8D4-605A47A3EFCD}.Debug|Mixed Platforms.Build.0 = Debug|iPhone
		{8E4EC8EC-197E-428B-B8D4-605A47A3EFCD}.Release|Any CPU.ActiveCfg = Release|iPhoneSimulator
		{8E4EC8EC-197E-428B-B8D4-605A47A3EFCD}.Release|Any CPU.Build.0 = Release|iPhoneSimulator
		{8E4EC8EC-197E-428B-B8D4-605A47A3EFCD}.Release|iPhone.ActiveCfg = Release|iPhone
		{8E4EC8EC-197E-428B-B8D4-605A47A3EFCD}.Release|iPhone.Build.0 = Release|iPhone
		{8E4EC8EC-197E-428B-B8D4-605A47A3EFCD}.Release|iPhoneSimulator.ActiveCfg = Release|iPhone
		{8E4EC8EC-197E-428B-B8D4-605A47A3EFCD}.Release|iPhoneSimulator.Build.0 = Release|iPhone
		{8E4EC8EC-197E-428B-B8D4-605A47A3EFCD}.Release|Mixed Platforms.ActiveCfg = Release|iPhone
		{8E4EC8EC-197E-428B-B8D4-605A47A3EFCD}.Release|Mixed Platforms.Build.0 = Release|iPhone
		{0AC4D40F-7031-4D10-9F69-5FCF2ED547A5}.Ad-Hoc|Any CPU.ActiveCfg = Release|Any CPU
		{0AC4D40F-7031-4D10-9F69-5FCF2ED547A5}.Ad-Hoc|Any CPU.Build.0 = Release|Any CPU
		{0AC4D40F-7031-4D10-9F69-5FCF2ED547A5}.Ad-Hoc|iPhone.ActiveCfg = Debug|Any CPU
		{0AC4D40F-7031-4D10-9F69-5FCF2ED547A5}.Ad-Hoc|iPhone.Build.0 = Debug|Any CPU
		{0AC4D40F-7031-4D10-9F69-5FCF2ED547A5}.Ad-Hoc|iPhoneSimulator.ActiveCfg = Release|Any CPU
		{0AC4D40F-7031-4D10-9F69-5FCF2ED547A5}.Ad-Hoc|Mixed Platforms.ActiveCfg = Debug|Any CPU
		{0AC4D40F-7031-4D10-9F69-5FCF2ED547A5}.Ad-Hoc|Mixed Platforms.Build.0 = Debug|Any CPU
		{0AC4D40F-7031-4D10-9F69-5FCF2ED547A5}.AppStore|Any CPU.ActiveCfg = Release|Any CPU
		{0AC4D40F-7031-4D10-9F69-5FCF2ED547A5}.AppStore|Any CPU.Build.0 = Release|Any CPU
		{0AC4D40F-7031-4D10-9F69-5FCF2ED547A5}.AppStore|iPhone.ActiveCfg = Debug|Any CPU
		{0AC4D40F-7031-4D10-9F69-5FCF2ED547A5}.AppStore|iPhone.Build.0 = Debug|Any CPU
		{0AC4D40F-7031-4D10-9F69-5FCF2ED547A5}.AppStore|iPhoneSimulator.ActiveCfg = Release|Any CPU
		{0AC4D40F-7031-4D10-9F69-5FCF2ED547A5}.AppStore|Mixed Platforms.ActiveCfg = Debug|Any CPU
		{0AC4D40F-7031-4D10-9F69-5FCF2ED547A5}.AppStore|Mixed Platforms.Build.0 = Debug|Any CPU
		{0AC4D40F-7031-4D10-9F69-5FCF2ED547A5}.Debug|Any CPU.ActiveCfg = Debug|Any CPU
		{0AC4D40F-7031-4D10-9F69-5FCF2ED547A5}.Debug|Any CPU.Build.0 = Debug|Any CPU
		{0AC4D40F-7031-4D10-9F69-5FCF2ED547A5}.Debug|iPhone.ActiveCfg = Debug|Any CPU
		{0AC4D40F-7031-4D10-9F69-5FCF2ED547A5}.Debug|iPhone.Build.0 = Debug|Any CPU
		{0AC4D40F-7031-4D10-9F69-5FCF2ED547A5}.Debug|iPhoneSimulator.ActiveCfg = Debug|Any CPU
		{0AC4D40F-7031-4D10-9F69-5FCF2ED547A5}.Debug|iPhoneSimulator.Build.0 = Debug|Any CPU
		{0AC4D40F-7031-4D10-9F69-5FCF2ED547A5}.Debug|Mixed Platforms.ActiveCfg = Debug|Any CPU
		{0AC4D40F-7031-4D10-9F69-5FCF2ED547A5}.Debug|Mixed Platforms.Build.0 = Debug|Any CPU
		{0AC4D40F-7031-4D10-9F69-5FCF2ED547A5}.Release|Any CPU.ActiveCfg = Release|Any CPU
		{0AC4D40F-7031-4D10-9F69-5FCF2ED547A5}.Release|Any CPU.Build.0 = Release|Any CPU
		{0AC4D40F-7031-4D10-9F69-5FCF2ED547A5}.Release|iPhone.ActiveCfg = Release|Any CPU
		{0AC4D40F-7031-4D10-9F69-5FCF2ED547A5}.Release|iPhone.Build.0 = Release|Any CPU
		{0AC4D40F-7031-4D10-9F69-5FCF2ED547A5}.Release|iPhoneSimulator.ActiveCfg = Release|Any CPU
		{0AC4D40F-7031-4D10-9F69-5FCF2ED547A5}.Release|iPhoneSimulator.Build.0 = Release|Any CPU
		{0AC4D40F-7031-4D10-9F69-5FCF2ED547A5}.Release|Mixed Platforms.ActiveCfg = Release|Any CPU
		{0AC4D40F-7031-4D10-9F69-5FCF2ED547A5}.Release|Mixed Platforms.Build.0 = Release|Any CPU
		{642AAFEE-5724-49E5-9CA4-63EB57FC6D06}.Ad-Hoc|Any CPU.ActiveCfg = Debug|Any CPU
		{642AAFEE-5724-49E5-9CA4-63EB57FC6D06}.Ad-Hoc|Any CPU.Build.0 = Debug|Any CPU
		{642AAFEE-5724-49E5-9CA4-63EB57FC6D06}.Ad-Hoc|iPhone.ActiveCfg = Release|Any CPU
		{642AAFEE-5724-49E5-9CA4-63EB57FC6D06}.Ad-Hoc|iPhone.Build.0 = Release|Any CPU
		{642AAFEE-5724-49E5-9CA4-63EB57FC6D06}.Ad-Hoc|iPhoneSimulator.ActiveCfg = Debug|Any CPU
		{642AAFEE-5724-49E5-9CA4-63EB57FC6D06}.Ad-Hoc|Mixed Platforms.ActiveCfg = Release|Any CPU
		{642AAFEE-5724-49E5-9CA4-63EB57FC6D06}.Ad-Hoc|Mixed Platforms.Build.0 = Release|Any CPU
		{642AAFEE-5724-49E5-9CA4-63EB57FC6D06}.AppStore|Any CPU.ActiveCfg = Debug|Any CPU
		{642AAFEE-5724-49E5-9CA4-63EB57FC6D06}.AppStore|Any CPU.Build.0 = Debug|Any CPU
		{642AAFEE-5724-49E5-9CA4-63EB57FC6D06}.AppStore|iPhone.ActiveCfg = Release|Any CPU
		{642AAFEE-5724-49E5-9CA4-63EB57FC6D06}.AppStore|iPhone.Build.0 = Release|Any CPU
		{642AAFEE-5724-49E5-9CA4-63EB57FC6D06}.AppStore|iPhoneSimulator.ActiveCfg = Debug|Any CPU
		{642AAFEE-5724-49E5-9CA4-63EB57FC6D06}.AppStore|Mixed Platforms.ActiveCfg = Release|Any CPU
		{642AAFEE-5724-49E5-9CA4-63EB57FC6D06}.AppStore|Mixed Platforms.Build.0 = Release|Any CPU
		{642AAFEE-5724-49E5-9CA4-63EB57FC6D06}.Debug|Any CPU.ActiveCfg = Debug|Any CPU
		{642AAFEE-5724-49E5-9CA4-63EB57FC6D06}.Debug|Any CPU.Build.0 = Debug|Any CPU
		{642AAFEE-5724-49E5-9CA4-63EB57FC6D06}.Debug|iPhone.ActiveCfg = Debug|Any CPU
		{642AAFEE-5724-49E5-9CA4-63EB57FC6D06}.Debug|iPhone.Build.0 = Debug|Any CPU
		{642AAFEE-5724-49E5-9CA4-63EB57FC6D06}.Debug|iPhoneSimulator.ActiveCfg = Debug|Any CPU
		{642AAFEE-5724-49E5-9CA4-63EB57FC6D06}.Debug|iPhoneSimulator.Build.0 = Debug|Any CPU
		{642AAFEE-5724-49E5-9CA4-63EB57FC6D06}.Debug|Mixed Platforms.ActiveCfg = Debug|Any CPU
		{642AAFEE-5724-49E5-9CA4-63EB57FC6D06}.Debug|Mixed Platforms.Build.0 = Debug|Any CPU
		{642AAFEE-5724-49E5-9CA4-63EB57FC6D06}.Release|Any CPU.ActiveCfg = Release|Any CPU
		{642AAFEE-5724-49E5-9CA4-63EB57FC6D06}.Release|Any CPU.Build.0 = Release|Any CPU
		{642AAFEE-5724-49E5-9CA4-63EB57FC6D06}.Release|iPhone.ActiveCfg = Release|Any CPU
		{642AAFEE-5724-49E5-9CA4-63EB57FC6D06}.Release|iPhone.Build.0 = Release|Any CPU
		{642AAFEE-5724-49E5-9CA4-63EB57FC6D06}.Release|iPhoneSimulator.ActiveCfg = Release|Any CPU
		{642AAFEE-5724-49E5-9CA4-63EB57FC6D06}.Release|iPhoneSimulator.Build.0 = Release|Any CPU
		{642AAFEE-5724-49E5-9CA4-63EB57FC6D06}.Release|Mixed Platforms.ActiveCfg = Release|Any CPU
		{642AAFEE-5724-49E5-9CA4-63EB57FC6D06}.Release|Mixed Platforms.Build.0 = Release|Any CPU
		{496E506E-F56F-4016-9163-DC832766B4E9}.Ad-Hoc|Any CPU.ActiveCfg = Release|Any CPU
		{496E506E-F56F-4016-9163-DC832766B4E9}.Ad-Hoc|Any CPU.Build.0 = Release|Any CPU
		{496E506E-F56F-4016-9163-DC832766B4E9}.Ad-Hoc|iPhone.ActiveCfg = Release|Any CPU
		{496E506E-F56F-4016-9163-DC832766B4E9}.Ad-Hoc|iPhoneSimulator.ActiveCfg = Release|Any CPU
		{496E506E-F56F-4016-9163-DC832766B4E9}.Ad-Hoc|Mixed Platforms.ActiveCfg = Release|Any CPU
		{496E506E-F56F-4016-9163-DC832766B4E9}.Ad-Hoc|Mixed Platforms.Build.0 = Release|Any CPU
		{496E506E-F56F-4016-9163-DC832766B4E9}.AppStore|Any CPU.ActiveCfg = Release|Any CPU
		{496E506E-F56F-4016-9163-DC832766B4E9}.AppStore|Any CPU.Build.0 = Release|Any CPU
		{496E506E-F56F-4016-9163-DC832766B4E9}.AppStore|iPhone.ActiveCfg = Release|Any CPU
		{496E506E-F56F-4016-9163-DC832766B4E9}.AppStore|iPhoneSimulator.ActiveCfg = Release|Any CPU
		{496E506E-F56F-4016-9163-DC832766B4E9}.AppStore|Mixed Platforms.ActiveCfg = Release|Any CPU
		{496E506E-F56F-4016-9163-DC832766B4E9}.AppStore|Mixed Platforms.Build.0 = Release|Any CPU
		{496E506E-F56F-4016-9163-DC832766B4E9}.Debug|Any CPU.ActiveCfg = Debug|Any CPU
		{496E506E-F56F-4016-9163-DC832766B4E9}.Debug|Any CPU.Build.0 = Debug|Any CPU
		{496E506E-F56F-4016-9163-DC832766B4E9}.Debug|iPhone.ActiveCfg = Debug|Any CPU
		{496E506E-F56F-4016-9163-DC832766B4E9}.Debug|iPhone.Build.0 = Debug|Any CPU
		{496E506E-F56F-4016-9163-DC832766B4E9}.Debug|iPhoneSimulator.ActiveCfg = Debug|Any CPU
		{496E506E-F56F-4016-9163-DC832766B4E9}.Debug|iPhoneSimulator.Build.0 = Debug|Any CPU
		{496E506E-F56F-4016-9163-DC832766B4E9}.Debug|Mixed Platforms.ActiveCfg = Debug|Any CPU
		{496E506E-F56F-4016-9163-DC832766B4E9}.Debug|Mixed Platforms.Build.0 = Debug|Any CPU
		{496E506E-F56F-4016-9163-DC832766B4E9}.Release|Any CPU.ActiveCfg = Release|Any CPU
		{496E506E-F56F-4016-9163-DC832766B4E9}.Release|Any CPU.Build.0 = Release|Any CPU
		{496E506E-F56F-4016-9163-DC832766B4E9}.Release|iPhone.ActiveCfg = Release|Any CPU
		{496E506E-F56F-4016-9163-DC832766B4E9}.Release|iPhone.Build.0 = Release|Any CPU
		{496E506E-F56F-4016-9163-DC832766B4E9}.Release|iPhoneSimulator.ActiveCfg = Release|Any CPU
		{496E506E-F56F-4016-9163-DC832766B4E9}.Release|Mixed Platforms.ActiveCfg = Release|Any CPU
		{496E506E-F56F-4016-9163-DC832766B4E9}.Release|Mixed Platforms.Build.0 = Release|Any CPU
		{6546738A-42C0-407C-A8A8-196121312D51}.Ad-Hoc|Any CPU.ActiveCfg = Release|Any CPU
		{6546738A-42C0-407C-A8A8-196121312D51}.Ad-Hoc|Any CPU.Build.0 = Release|Any CPU
		{6546738A-42C0-407C-A8A8-196121312D51}.Ad-Hoc|Any CPU.Deploy.0 = Release|Any CPU
		{6546738A-42C0-407C-A8A8-196121312D51}.Ad-Hoc|iPhone.ActiveCfg = Release|Any CPU
		{6546738A-42C0-407C-A8A8-196121312D51}.Ad-Hoc|iPhoneSimulator.ActiveCfg = Release|Any CPU
		{6546738A-42C0-407C-A8A8-196121312D51}.Ad-Hoc|Mixed Platforms.ActiveCfg = Release|Any CPU
		{6546738A-42C0-407C-A8A8-196121312D51}.Ad-Hoc|Mixed Platforms.Build.0 = Release|Any CPU
		{6546738A-42C0-407C-A8A8-196121312D51}.Ad-Hoc|Mixed Platforms.Deploy.0 = Release|Any CPU
		{6546738A-42C0-407C-A8A8-196121312D51}.AppStore|Any CPU.ActiveCfg = Release|Any CPU
		{6546738A-42C0-407C-A8A8-196121312D51}.AppStore|Any CPU.Build.0 = Release|Any CPU
		{6546738A-42C0-407C-A8A8-196121312D51}.AppStore|Any CPU.Deploy.0 = Release|Any CPU
		{6546738A-42C0-407C-A8A8-196121312D51}.AppStore|iPhone.ActiveCfg = Release|Any CPU
		{6546738A-42C0-407C-A8A8-196121312D51}.AppStore|iPhoneSimulator.ActiveCfg = Release|Any CPU
		{6546738A-42C0-407C-A8A8-196121312D51}.AppStore|Mixed Platforms.ActiveCfg = Release|Any CPU
		{6546738A-42C0-407C-A8A8-196121312D51}.AppStore|Mixed Platforms.Build.0 = Release|Any CPU
		{6546738A-42C0-407C-A8A8-196121312D51}.AppStore|Mixed Platforms.Deploy.0 = Release|Any CPU
		{6546738A-42C0-407C-A8A8-196121312D51}.Debug|Any CPU.ActiveCfg = Debug|Any CPU
		{6546738A-42C0-407C-A8A8-196121312D51}.Debug|Any CPU.Build.0 = Debug|Any CPU
		{6546738A-42C0-407C-A8A8-196121312D51}.Debug|Any CPU.Deploy.0 = Debug|Any CPU
		{6546738A-42C0-407C-A8A8-196121312D51}.Debug|iPhone.ActiveCfg = Debug|Any CPU
		{6546738A-42C0-407C-A8A8-196121312D51}.Debug|iPhoneSimulator.ActiveCfg = Debug|Any CPU
		{6546738A-42C0-407C-A8A8-196121312D51}.Debug|Mixed Platforms.ActiveCfg = Debug|Any CPU
		{6546738A-42C0-407C-A8A8-196121312D51}.Debug|Mixed Platforms.Build.0 = Debug|Any CPU
		{6546738A-42C0-407C-A8A8-196121312D51}.Debug|Mixed Platforms.Deploy.0 = Debug|Any CPU
		{6546738A-42C0-407C-A8A8-196121312D51}.Release|Any CPU.ActiveCfg = Release|Any CPU
		{6546738A-42C0-407C-A8A8-196121312D51}.Release|Any CPU.Build.0 = Release|Any CPU
		{6546738A-42C0-407C-A8A8-196121312D51}.Release|Any CPU.Deploy.0 = Release|Any CPU
		{6546738A-42C0-407C-A8A8-196121312D51}.Release|iPhone.ActiveCfg = Release|Any CPU
		{6546738A-42C0-407C-A8A8-196121312D51}.Release|iPhoneSimulator.ActiveCfg = Release|Any CPU
		{6546738A-42C0-407C-A8A8-196121312D51}.Release|Mixed Platforms.ActiveCfg = Release|Any CPU
		{6546738A-42C0-407C-A8A8-196121312D51}.Release|Mixed Platforms.Build.0 = Release|Any CPU
		{6546738A-42C0-407C-A8A8-196121312D51}.Release|Mixed Platforms.Deploy.0 = Release|Any CPU
	EndGlobalSection
	GlobalSection(SolutionProperties) = preSolution
		HideSolutionNode = FALSE
	EndGlobalSection
EndGlobal
